
Microsoft Visual Studio Solution File, Format Version 12.00
# Visual Studio Version 17
VisualStudioVersion = 17.3.32901.215
MinimumVisualStudioVersion = 10.0.40219.1
Project("{FAE04EC0-301F-11D3-BF4B-00C04F79EFBC}") = "NZWalks", "NZWalks\NZWalks.csproj", "{ED183B4D-8668-4F0C-B78A-DE9C94F2EC47}"
EndProject
Global
	GlobalSection(SolutionConfigurationPlatforms) = preSolution
		Debug|Any CPU = Debug|Any CPU
		Release|Any CPU = Release|Any CPU
	EndGlobalSection
	GlobalSection(ProjectConfigurationPlatforms) = postSolution
		{ED183B4D-8668-4F0C-B78A-DE9C94F2EC47}.Debug|Any CPU.ActiveCfg = Debug|Any CPU
		{ED183B4D-8668-4F0C-B78A-DE9C94F2EC47}.Debug|Any CPU.Build.0 = Debug|Any CPU
		{ED183B4D-8668-4F0C-B78A-DE9C94F2EC47}.Release|Any CPU.ActiveCfg = Release|Any CPU
		{ED183B4D-8668-4F0C-B78A-DE9C94F2EC47}.Release|Any CPU.Build.0 = Release|Any CPU
	EndGlobalSection
	GlobalSection(SolutionProperties) = preSolution
		HideSolutionNode = FALSE
	EndGlobalSection
	GlobalSection(ExtensibilityGlobals) = postSolution
		SolutionGuid = {C64A9068-52A2-4CB8-9C0C-C6236432CCB2}
	EndGlobalSection
EndGlobal
